// !$*UTF8*$!
{
	archiveVersion = 1;
	classes = {
	};
	objectVersion = 50;
	objects = {

/* Begin PBXBuildFile section */
		DD81F5C524340805002EA5F4 /* AppDelegate.swift in Sources */ = {isa = PBXBuildFile; fileRef = DD81F5C424340805002EA5F4 /* AppDelegate.swift */; };
		DD81F5C724340805002EA5F4 /* SceneDelegate.swift in Sources */ = {isa = PBXBuildFile; fileRef = DD81F5C624340805002EA5F4 /* SceneDelegate.swift */; };
		DD81F5C924340805002EA5F4 /* ViewController.swift in Sources */ = {isa = PBXBuildFile; fileRef = DD81F5C824340805002EA5F4 /* ViewController.swift */; };
		DD81F5CC24340805002EA5F4 /* Main.storyboard in Resources */ = {isa = PBXBuildFile; fileRef = DD81F5CA24340805002EA5F4 /* Main.storyboard */; };
		DD81F5CE24340808002EA5F4 /* Assets.xcassets in Resources */ = {isa = PBXBuildFile; fileRef = DD81F5CD24340808002EA5F4 /* Assets.xcassets */; };
		DD81F5D124340808002EA5F4 /* LaunchScreen.storyboard in Resources */ = {isa = PBXBuildFile; fileRef = DD81F5CF24340808002EA5F4 /* LaunchScreen.storyboard */; };
		DD81F5DC24340808002EA5F4 /* Book_ListingTests.swift in Sources */ = {isa = PBXBuildFile; fileRef = DD81F5DB24340808002EA5F4 /* Book_ListingTests.swift */; };
/* End PBXBuildFile section */

/* Begin PBXContainerItemProxy section */
		DD81F5D824340808002EA5F4 /* PBXContainerItemProxy */ = {
			isa = PBXContainerItemProxy;
			containerPortal = DD81F5B924340805002EA5F4 /* Project object */;
			proxyType = 1;
			remoteGlobalIDString = DD81F5C024340805002EA5F4;
			remoteInfo = "Book Listing";
		};
/* End PBXContainerItemProxy section */

/* Begin PBXFileReference section */
		DD81F5C124340805002EA5F4 /* Book Listing.app */ = {isa = PBXFileReference; explicitFileType = wrapper.application; includeInIndex = 0; path = "Book Listing.app"; sourceTree = BUILT_PRODUCTS_DIR; };
		DD81F5C424340805002EA5F4 /* AppDelegate.swift */ = {isa = PBXFileReference; lastKnownFileType = sourcecode.swift; path = AppDelegate.swift; sourceTree = "<group>"; };
		DD81F5C624340805002EA5F4 /* SceneDelegate.swift */ = {isa = PBXFileReference; lastKnownFileType = sourcecode.swift; path = SceneDelegate.swift; sourceTree = "<group>"; };
		DD81F5C824340805002EA5F4 /* ViewController.swift */ = {isa = PBXFileReference; lastKnownFileType = sourcecode.swift; path = ViewController.swift; sourceTree = "<group>"; };
		DD81F5CB24340805002EA5F4 /* Base */ = {isa = PBXFileReference; lastKnownFileType = file.storyboard; name = Base; path = Base.lproj/Main.storyboard; sourceTree = "<group>"; };
		DD81F5CD24340808002EA5F4 /* Assets.xcassets */ = {isa = PBXFileReference; lastKnownFileType = folder.assetcatalog; path = Assets.xcassets; sourceTree = "<group>"; };
		DD81F5D024340808002EA5F4 /* Base */ = {isa = PBXFileReference; lastKnownFileType = file.storyboard; name = Base; path = Base.lproj/LaunchScreen.storyboard; sourceTree = "<group>"; };
		DD81F5D224340808002EA5F4 /* Info.plist */ = {isa = PBXFileReference; lastKnownFileType = text.plist.xml; path = Info.plist; sourceTree = "<group>"; };
		DD81F5D724340808002EA5F4 /* Book ListingTests.xctest */ = {isa = PBXFileReference; explicitFileType = wrapper.cfbundle; includeInIndex = 0; path = "Book ListingTests.xctest"; sourceTree = BUILT_PRODUCTS_DIR; };
		DD81F5DB24340808002EA5F4 /* Book_ListingTests.swift */ = {isa = PBXFileReference; lastKnownFileType = sourcecode.swift; path = Book_ListingTests.swift; sourceTree = "<group>"; };
		DD81F5DD24340808002EA5F4 /* Info.plist */ = {isa = PBXFileReference; lastKnownFileType = text.plist.xml; path = Info.plist; sourceTree = "<group>"; };
/* End PBXFileReference section */

/* Begin PBXFrameworksBuildPhase section */
		DD81F5BE24340805002EA5F4 /* Frameworks */ = {
			isa = PBXFrameworksBuildPhase;
			buildActionMask = 2147483647;
			files = (
			);
			runOnlyForDeploymentPostprocessing = 0;
		};
		DD81F5D424340808002EA5F4 /* Frameworks */ = {
			isa = PBXFrameworksBuildPhase;
			buildActionMask = 2147483647;
			files = (
			);
			runOnlyForDeploymentPostprocessing = 0;
		};
/* End PBXFrameworksBuildPhase section */

/* Begin PBXGroup section */
		DD81F5B824340805002EA5F4 = {
			isa = PBXGroup;
			children = (
				DD81F5C324340805002EA5F4 /* Book Listing */,
				DD81F5DA24340808002EA5F4 /* Book ListingTests */,
				DD81F5C224340805002EA5F4 /* Products */,
			);
			sourceTree = "<group>";
		};
		DD81F5C224340805002EA5F4 /* Products */ = {
			isa = PBXGroup;
			children = (
				DD81F5C124340805002EA5F4 /* Book Listing.app */,
				DD81F5D724340808002EA5F4 /* Book ListingTests.xctest */,
			);
			name = Products;
			sourceTree = "<group>";
		};
		DD81F5C324340805002EA5F4 /* Book Listing */ = {
			isa = PBXGroup;
			children = (
				DD81F5C424340805002EA5F4 /* AppDelegate.swift */,
				DD81F5C624340805002EA5F4 /* SceneDelegate.swift */,
				DD81F5C824340805002EA5F4 /* ViewController.swift */,
				DD81F5CA24340805002EA5F4 /* Main.storyboard */,
				DD81F5CD24340808002EA5F4 /* Assets.xcassets */,
				DD81F5CF24340808002EA5F4 /* LaunchScreen.storyboard */,
				DD81F5D224340808002EA5F4 /* Info.plist */,
			);
			path = "Book Listing";
			sourceTree = "<group>";
		};
		DD81F5DA24340808002EA5F4 /* Book ListingTests */ = {
			isa = PBXGroup;
			children = (
				DD81F5DB24340808002EA5F4 /* Book_ListingTests.swift */,
				DD81F5DD24340808002EA5F4 /* Info.plist */,
			);
			path = "Book ListingTests";
			sourceTree = "<group>";
		};
/* End PBXGroup section */

/* Begin PBXNativeTarget section */
		DD81F5C024340805002EA5F4 /* Book Listing */ = {
			isa = PBXNativeTarget;
			buildConfigurationList = DD81F5E024340808002EA5F4 /* Build configuration list for PBXNativeTarget "Book Listing" */;
			buildPhases = (
				DD81F5BD24340805002EA5F4 /* Sources */,
				DD81F5BE24340805002EA5F4 /* Frameworks */,
				DD81F5BF24340805002EA5F4 /* Resources */,
			);
			buildRules = (
			);
			dependencies = (
			);
			name = "Book Listing";
			productName = "Book Listing";
			productReference = DD81F5C124340805002EA5F4 /* Book Listing.app */;
			productType = "com.apple.product-type.application";
		};
		DD81F5D624340808002EA5F4 /* Book ListingTests */ = {
			isa = PBXNativeTarget;
			buildConfigurationList = DD81F5E324340808002EA5F4 /* Build configuration list for PBXNativeTarget "Book ListingTests" */;
			buildPhases = (
				DD81F5D324340808002EA5F4 /* Sources */,
				DD81F5D424340808002EA5F4 /* Frameworks */,
				DD81F5D524340808002EA5F4 /* Resources */,
			);
			buildRules = (
			);
			dependencies = (
				DD81F5D924340808002EA5F4 /* PBXTargetDependency */,
			);
			name = "Book ListingTests";
			productName = "Book ListingTests";
			productReference = DD81F5D724340808002EA5F4 /* Book ListingTests.xctest */;
			productType = "com.apple.product-type.bundle.unit-test";
		};
/* End PBXNativeTarget section */

/* Begin PBXProject section */
		DD81F5B924340805002EA5F4 /* Project object */ = {
			isa = PBXProject;
			attributes = {
				LastSwiftUpdateCheck = 1140;
				LastUpgradeCheck = 1140;
				ORGANIZATIONNAME = "Onyekachi Ezeoke";
				TargetAttributes = {
					DD81F5C024340805002EA5F4 = {
						CreatedOnToolsVersion = 11.4;
					};
					DD81F5D624340808002EA5F4 = {
						CreatedOnToolsVersion = 11.4;
						TestTargetID = DD81F5C024340805002EA5F4;
					};
				};
			};
			buildConfigurationList = DD81F5BC24340805002EA5F4 /* Build configuration list for PBXProject "Book Listing" */;
			compatibilityVersion = "Xcode 9.3";
			developmentRegion = en;
			hasScannedForEncodings = 0;
			knownRegions = (
				en,
				Base,
			);
			mainGroup = DD81F5B824340805002EA5F4;
			productRefGroup = DD81F5C224340805002EA5F4 /* Products */;
			projectDirPath = "";
			projectRoot = "";
			targets = (
				DD81F5C024340805002EA5F4 /* Book Listing */,
				DD81F5D624340808002EA5F4 /* Book ListingTests */,
			);
		};
/* End PBXProject section */

/* Begin PBXResourcesBuildPhase section */
		DD81F5BF24340805002EA5F4 /* Resources */ = {
			isa = PBXResourcesBuildPhase;
			buildActionMask = 2147483647;
			files = (
				DD81F5D124340808002EA5F4 /* LaunchScreen.storyboard in Resources */,
				DD81F5CE24340808002EA5F4 /* Assets.xcassets in Resources */,
				DD81F5CC24340805002EA5F4 /* Main.storyboard in Resources */,
			);
			runOnlyForDeploymentPostprocessing = 0;
		};
		DD81F5D524340808002EA5F4 /* Resources */ = {
			isa = PBXResourcesBuildPhase;
			buildActionMask = 2147483647;
			files = (
			);
			runOnlyForDeploymentPostprocessing = 0;
		};
/* End PBXResourcesBuildPhase section */

/* Begin PBXSourcesBuildPhase section */
		DD81F5BD24340805002EA5F4 /* Sources */ = {
			isa = PBXSourcesBuildPhase;
			buildActionMask = 2147483647;
			files = (
				DD81F5C924340805002EA5F4 /* ViewController.swift in Sources */,
				DD81F5C524340805002EA5F4 /* AppDelegate.swift in Sources */,
				DD81F5C724340805002EA5F4 /* SceneDelegate.swift in Sources */,
			);
			runOnlyForDeploymentPostprocessing = 0;
		};
		DD81F5D324340808002EA5F4 /* Sources */ = {
			isa = PBXSourcesBuildPhase;
			buildActionMask = 2147483647;
			files = (
				DD81F5DC24340808002EA5F4 /* Book_ListingTests.swift in Sources */,
			);
			runOnlyForDeploymentPostprocessing = 0;
		};
/* End PBXSourcesBuildPhase section */

/* Begin PBXTargetDependency section */
		DD81F5D924340808002EA5F4 /* PBXTargetDependency */ = {
			isa = PBXTargetDependency;
			target = DD81F5C024340805002EA5F4 /* Book Listing */;
			targetProxy = DD81F5D824340808002EA5F4 /* PBXContainerItemProxy */;
		};
/* End PBXTargetDependency section */

/* Begin PBXVariantGroup section */
		DD81F5CA24340805002EA5F4 /* Main.storyboard */ = {
			isa = PBXVariantGroup;
			children = (
				DD81F5CB24340805002EA5F4 /* Base */,
			);
			name = Main.storyboard;
			sourceTree = "<group>";
		};
		DD81F5CF24340808002EA5F4 /* LaunchScreen.storyboard */ = {
			isa = PBXVariantGroup;
			children = (
				DD81F5D024340808002EA5F4 /* Base */,
			);
			name = LaunchScreen.storyboard;
			sourceTree = "<group>";
		};
/* End PBXVariantGroup section */

/* Begin XCBuildConfiguration section */
		DD81F5DE24340808002EA5F4 /* Debug */ = {
			isa = XCBuildConfiguration;
			buildSettings = {
				ALWAYS_SEARCH_USER_PATHS = NO;
				CLANG_ANALYZER_NONNULL = YES;
				CLANG_ANALYZER_NUMBER_OBJECT_CONVERSION = YES_AGGRESSIVE;
				CLANG_CXX_LANGUAGE_STANDARD = "gnu++14";
				CLANG_CXX_LIBRARY = "libc++";
				CLANG_ENABLE_MODULES = YES;
				CLANG_ENABLE_OBJC_ARC = YES;
				CLANG_ENABLE_OBJC_WEAK = YES;
				CLANG_WARN_BLOCK_CAPTURE_AUTORELEASING = YES;
				CLANG_WARN_BOOL_CONVERSION = YES;
				CLANG_WARN_COMMA = YES;
				CLANG_WARN_CONSTANT_CONVERSION = YES;
				CLANG_WARN_DEPRECATED_OBJC_IMPLEMENTATIONS = YES;
				CLANG_WARN_DIRECT_OBJC_ISA_USAGE = YES_ERROR;
				CLANG_WARN_DOCUMENTATION_COMMENTS = YES;
				CLANG_WARN_EMPTY_BODY = YES;
				CLANG_WARN_ENUM_CONVERSION = YES;
				CLANG_WARN_INFINITE_RECURSION = YES;
				CLANG_WARN_INT_CONVERSION = YES;
				CLANG_WARN_NON_LITERAL_NULL_CONVERSION = YES;
				CLANG_WARN_OBJC_IMPLICIT_RETAIN_SELF = YES;
				CLANG_WARN_OBJC_LITERAL_CONVERSION = YES;
				CLANG_WARN_OBJC_ROOT_CLASS = YES_ERROR;
				CLANG_WARN_RANGE_LOOP_ANALYSIS = YES;
				CLANG_WARN_STRICT_PROTOTYPES = YES;
				CLANG_WARN_SUSPICIOUS_MOVE = YES;
				CLANG_WARN_UNGUARDED_AVAILABILITY = YES_AGGRESSIVE;
				CLANG_WARN_UNREACHABLE_CODE = YES;
				CLANG_WARN__DUPLICATE_METHOD_MATCH = YES;
				COPY_PHASE_STRIP = NO;
				DEBUG_INFORMATION_FORMAT = dwarf;
				ENABLE_STRICT_OBJC_MSGSEND = YES;
				ENABLE_TESTABILITY = YES;
				GCC_C_LANGUAGE_STANDARD = gnu11;
				GCC_DYNAMIC_NO_PIC = NO;
				GCC_NO_COMMON_BLOCKS = YES;
				GCC_OPTIMIZATION_LEVEL = 0;
				GCC_PREPROCESSOR_DEFINITIONS = (
					"DEBUG=1",
					"$(inherited)",
				);
				GCC_WARN_64_TO_32_BIT_CONVERSION = YES;
				GCC_WARN_ABOUT_RETURN_TYPE = YES_ERROR;
				GCC_WARN_UNDECLARED_SELECTOR = YES;
				GCC_WARN_UNINITIALIZED_AUTOS = YES_AGGRESSIVE;
				GCC_WARN_UNUSED_FUNCTION = YES;
				GCC_WARN_UNUSED_VARIABLE = YES;
				IPHONEOS_DEPLOYMENT_TARGET = 13.4;
				MTL_ENABLE_DEBUG_INFO = INCLUDE_SOURCE;
				MTL_FAST_MATH = YES;
				ONLY_ACTIVE_ARCH = YES;
				SDKROOT = iphoneos;
				SWIFT_ACTIVE_COMPILATION_CONDITIONS = DEBUG;
				SWIFT_OPTIMIZATION_LEVEL = "-Onone";
			};
			name = Debug;
		};
		DD81F5DF24340808002EA5F4 /* Release */ = {
			isa = XCBuildConfiguration;
			buildSettings = {
				ALWAYS_SEARCH_USER_PATHS = NO;
				CLANG_ANALYZER_NONNULL = YES;
				CLANG_ANALYZER_NUMBER_OBJECT_CONVERSION = YES_AGGRESSIVE;
				CLANG_CXX_LANGUAGE_STANDARD = "gnu++14";
				CLANG_CXX_LIBRARY = "libc++";
				CLANG_ENABLE_MODULES = YES;
				CLANG_ENABLE_OBJC_ARC = YES;
				CLANG_ENABLE_OBJC_WEAK = YES;
				CLANG_WARN_BLOCK_CAPTURE_AUTORELEASING = YES;
				CLANG_WARN_BOOL_CONVERSION = YES;
				CLANG_WARN_COMMA = YES;
				CLANG_WARN_CONSTANT_CONVERSION = YES;
				CLANG_WARN_DEPRECATED_OBJC_IMPLEMENTATIONS = YES;
				CLANG_WARN_DIRECT_OBJC_ISA_USAGE = YES_ERROR;
				CLANG_WARN_DOCUMENTATION_COMMENTS = YES;
				CLANG_WARN_EMPTY_BODY = YES;
				CLANG_WARN_ENUM_CONVERSION = YES;
				CLANG_WARN_INFINITE_RECURSION = YES;
				CLANG_WARN_INT_CONVERSION = YES;
				CLANG_WARN_NON_LITERAL_NULL_CONVERSION = YES;
				CLANG_WARN_OBJC_IMPLICIT_RETAIN_SELF = YES;
				CLANG_WARN_OBJC_LITERAL_CONVERSION = YES;
				CLANG_WARN_OBJC_ROOT_CLASS = YES_ERROR;
				CLANG_WARN_RANGE_LOOP_ANALYSIS = YES;
				CLANG_WARN_STRICT_PROTOTYPES = YES;
				CLANG_WARN_SUSPICIOUS_MOVE = YES;
				CLANG_WARN_UNGUARDED_AVAILABILITY = YES_AGGRESSIVE;
				CLANG_WARN_UNREACHABLE_CODE = YES;
				CLANG_WARN__DUPLICATE_METHOD_MATCH = YES;
				COPY_PHASE_STRIP = NO;
				DEBUG_INFORMATION_FORMAT = "dwarf-with-dsym";
				ENABLE_NS_ASSERTIONS = NO;
				ENABLE_STRICT_OBJC_MSGSEND = YES;
				GCC_C_LANGUAGE_STANDARD = gnu11;
				GCC_NO_COMMON_BLOCKS = YES;
				GCC_WARN_64_TO_32_BIT_CONVERSION = YES;
				GCC_WARN_ABOUT_RETURN_TYPE = YES_ERROR;
				GCC_WARN_UNDECLARED_SELECTOR = YES;
				GCC_WARN_UNINITIALIZED_AUTOS = YES_AGGRESSIVE;
				GCC_WARN_UNUSED_FUNCTION = YES;
				GCC_WARN_UNUSED_VARIABLE = YES;
				IPHONEOS_DEPLOYMENT_TARGET = 13.4;
				MTL_ENABLE_DEBUG_INFO = NO;
				MTL_FAST_MATH = YES;
				SDKROOT = iphoneos;
				SWIFT_COMPILATION_MODE = wholemodule;
				SWIFT_OPTIMIZATION_LEVEL = "-O";
				VALIDATE_PRODUCT = YES;
			};
			name = Release;
		};
		DD81F5E124340808002EA5F4 /* Debug */ = {
			isa = XCBuildConfiguration;
			buildSettings = {
				ASSETCATALOG_COMPILER_APPICON_NAME = AppIcon;
				CODE_SIGN_STYLE = Automatic;
				DEVELOPMENT_TEAM = YT3VFVK232;
				INFOPLIST_FILE = "Book Listing/Info.plist";
				LD_RUNPATH_SEARCH_PATHS = (
					"$(inherited)",
					"@executable_path/Frameworks",
				);
				PRODUCT_BUNDLE_IDENTIFIER = "com.onyekachi.Book-Listing";
				PRODUCT_NAME = "$(TARGET_NAME)";
				SWIFT_VERSION = 5.0;
				TARGETED_DEVICE_FAMILY = "1,2";
			};
			name = Debug;
		};
		DD81F5E224340808002EA5F4 /* Release */ = {
			isa = XCBuildConfiguration;
			buildSettings = {
				ASSETCATALOG_COMPILER_APPICON_NAME = AppIcon;
				CODE_SIGN_STYLE = Automatic;
				DEVELOPMENT_TEAM = YT3VFVK232;
				INFOPLIST_FILE = "Book Listing/Info.plist";
				LD_RUNPATH_SEARCH_PATHS = (
					"$(inherited)",
					"@executable_path/Frameworks",
				);
				PRODUCT_BUNDLE_IDENTIFIER = "com.onyekachi.Book-Listing";
				PRODUCT_NAME = "$(TARGET_NAME)";
				SWIFT_VERSION = 5.0;
				TARGETED_DEVICE_FAMILY = "1,2";
			};
			name = Release;
		};
		DD81F5E424340808002EA5F4 /* Debug */ = {
			isa = XCBuildConfiguration;
			buildSettings = {
				ALWAYS_EMBED_SWIFT_STANDARD_LIBRARIES = YES;
				BUNDLE_LOADER = "$(TEST_HOST)";
				CODE_SIGN_STYLE = Automatic;
				DEVELOPMENT_TEAM = YT3VFVK232;
				INFOPLIST_FILE = "Book ListingTests/Info.plist";
				IPHONEOS_DEPLOYMENT_TARGET = 13.4;
				LD_RUNPATH_SEARCH_PATHS = (
					"$(inherited)",
					"@executable_path/Frameworks",
					"@loader_path/Frameworks",
				);
				PRODUCT_BUNDLE_IDENTIFIER = "com.onyekachi.Book-ListingTests";
				PRODUCT_NAME = "$(TARGET_NAME)";
				SWIFT_VERSION = 5.0;
				TARGETED_DEVICE_FAMILY = "1,2";
				TEST_HOST = "$(BUILT_PRODUCTS_DIR)/Book Listing.app/Book Listing";
			};
			name = Debug;
		};
		DD81F5E524340808002EA5F4 /* Release */ = {
			isa = XCBuildConfiguration;
			buildSettings = {
				ALWAYS_EMBED_SWIFT_STANDARD_LIBRARIES = YES;
				BUNDLE_LOADER = "$(TEST_HOST)";
				CODE_SIGN_STYLE = Automatic;
				DEVELOPMENT_TEAM = YT3VFVK232;
				INFOPLIST_FILE = "Book ListingTests/Info.plist";
				IPHONEOS_DEPLOYMENT_TARGET = 13.4;
				LD_RUNPATH_SEARCH_PATHS = (
					"$(inherited)",
					"@executable_path/Frameworks",
					"@loader_path/Frameworks",
				);
				PRODUCT_BUNDLE_IDENTIFIER = "com.onyekachi.Book-ListingTests";
				PRODUCT_NAME = "$(TARGET_NAME)";
				SWIFT_VERSION = 5.0;
				TARGETED_DEVICE_FAMILY = "1,2";
				TEST_HOST = "$(BUILT_PRODUCTS_DIR)/Book Listing.app/Book Listing";
			};
			name = Release;
		};
/* End XCBuildConfiguration section */

/* Begin XCConfigurationList section */
		DD81F5BC24340805002EA5F4 /* Build configuration list for PBXProject "Book Listing" */ = {
			isa = XCConfigurationList;
			buildConfigurations = (
				DD81F5DE24340808002EA5F4 /* Debug */,
				DD81F5DF24340808002EA5F4 /* Release */,
			);
			defaultConfigurationIsVisible = 0;
			defaultConfigurationName = Release;
		};
		DD81F5E024340808002EA5F4 /* Build configuration list for PBXNativeTarget "Book Listing" */ = {
			isa = XCConfigurationList;
			buildConfigurations = (
				DD81F5E124340808002EA5F4 /* Debug */,
				DD81F5E224340808002EA5F4 /* Release */,
			);
			defaultConfigurationIsVisible = 0;
			defaultConfigurationName = Release;
		};
		DD81F5E324340808002EA5F4 /* Build configuration list for PBXNativeTarget "Book ListingTests" */ = {
			isa = XCConfigurationList;
			buildConfigurations = (
				DD81F5E424340808002EA5F4 /* Debug */,
				DD81F5E524340808002EA5F4 /* Release */,
			);
			defaultConfigurationIsVisible = 0;
			defaultConfigurationName = Release;
		};
/* End XCConfigurationList section */
	};
	rootObject = DD81F5B924340805002EA5F4 /* Project object */;
}
